
Microsoft Visual Studio Solution File, Format Version 12.00
# Visual Studio Version 16
VisualStudioVersion = 16.0.29021.104
MinimumVisualStudioVersion = 10.0.40219.1
Project("{FAE04EC0-301F-11D3-BF4B-00C04F79EFBC}") = "ReadlnLibrary", "ReadlnLibrary\ReadlnLibrary.csproj", "{DB678C33-F003-441A-8B51-118FD30AB1C6}"
EndProject
Project("{FAE04EC0-301F-11D3-BF4B-00C04F79EFBC}") = "ReadlnLibrary.Tests.MSTest", "ReadlnLibrary.Tests.MSTest\ReadlnLibrary.Tests.MSTest.csproj", "{F4FDEDE7-F7B4-47D1-A006-119CF6BB081E}"
EndProject
Project("{9A19103F-16F7-4668-BE54-9A1E7A4F7556}") = "ReadlnLibrary.Core", "ReadlnLibrary.Core\ReadlnLibrary.Core.csproj", "{F83FC975-F87A-4121-B5F0-D0D4D350E58F}"
EndProject
Project("{9A19103F-16F7-4668-BE54-9A1E7A4F7556}") = "ReadlnLibrary.Core.Tests.MSTest", "ReadlnLibrary.Core.Tests.MSTest\ReadlnLibrary.Core.Tests.MSTest.csproj", "{2D9F53E6-1F66-4AE9-BD4D-A40553512897}"
EndProject
Project("{FAE04EC0-301F-11D3-BF4B-00C04F79EFBC}") = "MI.Toolkit.Localization", "..\..\MI\MI.Toolkit.Localization\MI.Toolkit.Localization\MI.Toolkit.Localization.csproj", "{AEE5B8AC-987B-4BD8-A196-BFFF6413E390}"
EndProject
Global
	GlobalSection(SolutionConfigurationPlatforms) = preSolution
		Debug|Any CPU = Debug|Any CPU
		Debug|ARM = Debug|ARM
		Debug|ARM64 = Debug|ARM64
		Debug|x64 = Debug|x64
		Debug|x86 = Debug|x86
		Release|Any CPU = Release|Any CPU
		Release|ARM = Release|ARM
		Release|ARM64 = Release|ARM64
		Release|x64 = Release|x64
		Release|x86 = Release|x86
	EndGlobalSection
	GlobalSection(ProjectConfigurationPlatforms) = postSolution
		{DB678C33-F003-441A-8B51-118FD30AB1C6}.Debug|Any CPU.ActiveCfg = Debug|x86
		{DB678C33-F003-441A-8B51-118FD30AB1C6}.Debug|Any CPU.Deploy.0 = Debug|x86
		{DB678C33-F003-441A-8B51-118FD30AB1C6}.Debug|ARM.ActiveCfg = Debug|ARM
		{DB678C33-F003-441A-8B51-118FD30AB1C6}.Debug|ARM.Build.0 = Debug|ARM
		{DB678C33-F003-441A-8B51-118FD30AB1C6}.Debug|ARM.Deploy.0 = Debug|ARM
		{DB678C33-F003-441A-8B51-118FD30AB1C6}.Debug|ARM64.ActiveCfg = Debug|x86
		{DB678C33-F003-441A-8B51-118FD30AB1C6}.Debug|x64.ActiveCfg = Debug|x64
		{DB678C33-F003-441A-8B51-118FD30AB1C6}.Debug|x64.Build.0 = Debug|x64
		{DB678C33-F003-441A-8B51-118FD30AB1C6}.Debug|x64.Deploy.0 = Debug|x64
		{DB678C33-F003-441A-8B51-118FD30AB1C6}.Debug|x86.ActiveCfg = Debug|x86
		{DB678C33-F003-441A-8B51-118FD30AB1C6}.Debug|x86.Build.0 = Debug|x86
		{DB678C33-F003-441A-8B51-118FD30AB1C6}.Debug|x86.Deploy.0 = Debug|x86
		{DB678C33-F003-441A-8B51-118FD30AB1C6}.Release|Any CPU.ActiveCfg = Release|x86
		{DB678C33-F003-441A-8B51-118FD30AB1C6}.Release|ARM.ActiveCfg = Release|ARM
		{DB678C33-F003-441A-8B51-118FD30AB1C6}.Release|ARM.Build.0 = Release|ARM
		{DB678C33-F003-441A-8B51-118FD30AB1C6}.Release|ARM.Deploy.0 = Release|ARM
		{DB678C33-F003-441A-8B51-118FD30AB1C6}.Release|ARM64.ActiveCfg = Release|x86
		{DB678C33-F003-441A-8B51-118FD30AB1C6}.Release|x64.ActiveCfg = Release|x64
		{DB678C33-F003-441A-8B51-118FD30AB1C6}.Release|x64.Build.0 = Release|x64
		{DB678C33-F003-441A-8B51-118FD30AB1C6}.Release|x64.Deploy.0 = Release|x64
		{DB678C33-F003-441A-8B51-118FD30AB1C6}.Release|x86.ActiveCfg = Release|x86
		{DB678C33-F003-441A-8B51-118FD30AB1C6}.Release|x86.Build.0 = Release|x86
		{DB678C33-F003-441A-8B51-118FD30AB1C6}.Release|x86.Deploy.0 = Release|x86
		{F4FDEDE7-F7B4-47D1-A006-119CF6BB081E}.Debug|Any CPU.ActiveCfg = Debug|x86
		{F4FDEDE7-F7B4-47D1-A006-119CF6BB081E}.Debug|ARM.ActiveCfg = Debug|ARM
		{F4FDEDE7-F7B4-47D1-A006-119CF6BB081E}.Debug|ARM.Build.0 = Debug|ARM
		{F4FDEDE7-F7B4-47D1-A006-119CF6BB081E}.Debug|ARM.Deploy.0 = Debug|ARM
		{F4FDEDE7-F7B4-47D1-A006-119CF6BB081E}.Debug|ARM64.ActiveCfg = Debug|x86
		{F4FDEDE7-F7B4-47D1-A006-119CF6BB081E}.Debug|x64.ActiveCfg = Debug|x64
		{F4FDEDE7-F7B4-47D1-A006-119CF6BB081E}.Debug|x64.Build.0 = Debug|x64
		{F4FDEDE7-F7B4-47D1-A006-119CF6BB081E}.Debug|x64.Deploy.0 = Debug|x64
		{F4FDEDE7-F7B4-47D1-A006-119CF6BB081E}.Debug|x86.ActiveCfg = Debug|x86
		{F4FDEDE7-F7B4-47D1-A006-119CF6BB081E}.Debug|x86.Build.0 = Debug|x86
		{F4FDEDE7-F7B4-47D1-A006-119CF6BB081E}.Debug|x86.Deploy.0 = Debug|x86
		{F4FDEDE7-F7B4-47D1-A006-119CF6BB081E}.Release|Any CPU.ActiveCfg = Release|x86
		{F4FDEDE7-F7B4-47D1-A006-119CF6BB081E}.Release|ARM.ActiveCfg = Release|ARM
		{F4FDEDE7-F7B4-47D1-A006-119CF6BB081E}.Release|ARM.Build.0 = Release|ARM
		{F4FDEDE7-F7B4-47D1-A006-119CF6BB081E}.Release|ARM.Deploy.0 = Release|ARM
		{F4FDEDE7-F7B4-47D1-A006-119CF6BB081E}.Release|ARM64.ActiveCfg = Release|x86
		{F4FDEDE7-F7B4-47D1-A006-119CF6BB081E}.Release|x64.ActiveCfg = Release|x64
		{F4FDEDE7-F7B4-47D1-A006-119CF6BB081E}.Release|x64.Build.0 = Release|x64
		{F4FDEDE7-F7B4-47D1-A006-119CF6BB081E}.Release|x64.Deploy.0 = Release|x64
		{F4FDEDE7-F7B4-47D1-A006-119CF6BB081E}.Release|x86.ActiveCfg = Release|x86
		{F4FDEDE7-F7B4-47D1-A006-119CF6BB081E}.Release|x86.Build.0 = Release|x86
		{F4FDEDE7-F7B4-47D1-A006-119CF6BB081E}.Release|x86.Deploy.0 = Release|x86
		{F83FC975-F87A-4121-B5F0-D0D4D350E58F}.Debug|Any CPU.ActiveCfg = Debug|Any CPU
		{F83FC975-F87A-4121-B5F0-D0D4D350E58F}.Debug|Any CPU.Build.0 = Debug|Any CPU
		{F83FC975-F87A-4121-B5F0-D0D4D350E58F}.Debug|ARM.ActiveCfg = Debug|Any CPU
		{F83FC975-F87A-4121-B5F0-D0D4D350E58F}.Debug|ARM.Build.0 = Debug|Any CPU
		{F83FC975-F87A-4121-B5F0-D0D4D350E58F}.Debug|ARM64.ActiveCfg = Debug|Any CPU
		{F83FC975-F87A-4121-B5F0-D0D4D350E58F}.Debug|ARM64.Build.0 = Debug|Any CPU
		{F83FC975-F87A-4121-B5F0-D0D4D350E58F}.Debug|x64.ActiveCfg = Debug|Any CPU
		{F83FC975-F87A-4121-B5F0-D0D4D350E58F}.Debug|x64.Build.0 = Debug|Any CPU
		{F83FC975-F87A-4121-B5F0-D0D4D350E58F}.Debug|x86.ActiveCfg = Debug|Any CPU
		{F83FC975-F87A-4121-B5F0-D0D4D350E58F}.Debug|x86.Build.0 = Debug|Any CPU
		{F83FC975-F87A-4121-B5F0-D0D4D350E58F}.Release|Any CPU.ActiveCfg = Release|Any CPU
		{F83FC975-F87A-4121-B5F0-D0D4D350E58F}.Release|Any CPU.Build.0 = Release|Any CPU
		{F83FC975-F87A-4121-B5F0-D0D4D350E58F}.Release|ARM.ActiveCfg = Release|Any CPU
		{F83FC975-F87A-4121-B5F0-D0D4D350E58F}.Release|ARM.Build.0 = Release|Any CPU
		{F83FC975-F87A-4121-B5F0-D0D4D350E58F}.Release|ARM64.ActiveCfg = Release|Any CPU
		{F83FC975-F87A-4121-B5F0-D0D4D350E58F}.Release|ARM64.Build.0 = Release|Any CPU
		{F83FC975-F87A-4121-B5F0-D0D4D350E58F}.Release|x64.ActiveCfg = Release|Any CPU
		{F83FC975-F87A-4121-B5F0-D0D4D350E58F}.Release|x64.Build.0 = Release|Any CPU
		{F83FC975-F87A-4121-B5F0-D0D4D350E58F}.Release|x86.ActiveCfg = Release|Any CPU
		{F83FC975-F87A-4121-B5F0-D0D4D350E58F}.Release|x86.Build.0 = Release|Any CPU
		{2D9F53E6-1F66-4AE9-BD4D-A40553512897}.Debug|Any CPU.ActiveCfg = Debug|Any CPU
		{2D9F53E6-1F66-4AE9-BD4D-A40553512897}.Debug|Any CPU.Build.0 = Debug|Any CPU
		{2D9F53E6-1F66-4AE9-BD4D-A40553512897}.Debug|ARM.ActiveCfg = Debug|Any CPU
		{2D9F53E6-1F66-4AE9-BD4D-A40553512897}.Debug|ARM.Build.0 = Debug|Any CPU
		{2D9F53E6-1F66-4AE9-BD4D-A40553512897}.Debug|ARM64.ActiveCfg = Debug|Any CPU
		{2D9F53E6-1F66-4AE9-BD4D-A40553512897}.Debug|ARM64.Build.0 = Debug|Any CPU
		{2D9F53E6-1F66-4AE9-BD4D-A40553512897}.Debug|x64.ActiveCfg = Debug|Any CPU
		{2D9F53E6-1F66-4AE9-BD4D-A40553512897}.Debug|x64.Build.0 = Debug|Any CPU
		{2D9F53E6-1F66-4AE9-BD4D-A40553512897}.Debug|x86.ActiveCfg = Debug|Any CPU
		{2D9F53E6-1F66-4AE9-BD4D-A40553512897}.Debug|x86.Build.0 = Debug|Any CPU
		{2D9F53E6-1F66-4AE9-BD4D-A40553512897}.Release|Any CPU.ActiveCfg = Release|Any CPU
		{2D9F53E6-1F66-4AE9-BD4D-A40553512897}.Release|Any CPU.Build.0 = Release|Any CPU
		{2D9F53E6-1F66-4AE9-BD4D-A40553512897}.Release|ARM.ActiveCfg = Release|Any CPU
		{2D9F53E6-1F66-4AE9-BD4D-A40553512897}.Release|ARM.Build.0 = Release|Any CPU
		{2D9F53E6-1F66-4AE9-BD4D-A40553512897}.Release|ARM64.ActiveCfg = Release|Any CPU
		{2D9F53E6-1F66-4AE9-BD4D-A40553512897}.Release|ARM64.Build.0 = Release|Any CPU
		{2D9F53E6-1F66-4AE9-BD4D-A40553512897}.Release|x64.ActiveCfg = Release|Any CPU
		{2D9F53E6-1F66-4AE9-BD4D-A40553512897}.Release|x64.Build.0 = Release|Any CPU
		{2D9F53E6-1F66-4AE9-BD4D-A40553512897}.Release|x86.ActiveCfg = Release|Any CPU
		{2D9F53E6-1F66-4AE9-BD4D-A40553512897}.Release|x86.Build.0 = Release|Any CPU
		{AEE5B8AC-987B-4BD8-A196-BFFF6413E390}.Debug|Any CPU.ActiveCfg = Debug|Any CPU
		{AEE5B8AC-987B-4BD8-A196-BFFF6413E390}.Debug|Any CPU.Build.0 = Debug|Any CPU
		{AEE5B8AC-987B-4BD8-A196-BFFF6413E390}.Debug|ARM.ActiveCfg = Debug|ARM
		{AEE5B8AC-987B-4BD8-A196-BFFF6413E390}.Debug|ARM.Build.0 = Debug|ARM
		{AEE5B8AC-987B-4BD8-A196-BFFF6413E390}.Debug|ARM64.ActiveCfg = Debug|ARM64
		{AEE5B8AC-987B-4BD8-A196-BFFF6413E390}.Debug|ARM64.Build.0 = Debug|ARM64
		{AEE5B8AC-987B-4BD8-A196-BFFF6413E390}.Debug|x64.ActiveCfg = Debug|x64
		{AEE5B8AC-987B-4BD8-A196-BFFF6413E390}.Debug|x64.Build.0 = Debug|x64
		{AEE5B8AC-987B-4BD8-A196-BFFF6413E390}.Debug|x86.ActiveCfg = Debug|x86
		{AEE5B8AC-987B-4BD8-A196-BFFF6413E390}.Debug|x86.Build.0 = Debug|x86
		{AEE5B8AC-987B-4BD8-A196-BFFF6413E390}.Release|Any CPU.ActiveCfg = Release|Any CPU
		{AEE5B8AC-987B-4BD8-A196-BFFF6413E390}.Release|Any CPU.Build.0 = Release|Any CPU
		{AEE5B8AC-987B-4BD8-A196-BFFF6413E390}.Release|ARM.ActiveCfg = Release|ARM
		{AEE5B8AC-987B-4BD8-A196-BFFF6413E390}.Release|ARM.Build.0 = Release|ARM
		{AEE5B8AC-987B-4BD8-A196-BFFF6413E390}.Release|ARM64.ActiveCfg = Release|ARM64
		{AEE5B8AC-987B-4BD8-A196-BFFF6413E390}.Release|ARM64.Build.0 = Release|ARM64
		{AEE5B8AC-987B-4BD8-A196-BFFF6413E390}.Release|x64.ActiveCfg = Release|x64
		{AEE5B8AC-987B-4BD8-A196-BFFF6413E390}.Release|x64.Build.0 = Release|x64
		{AEE5B8AC-987B-4BD8-A196-BFFF6413E390}.Release|x86.ActiveCfg = Release|x86
		{AEE5B8AC-987B-4BD8-A196-BFFF6413E390}.Release|x86.Build.0 = Release|x86
	EndGlobalSection
	GlobalSection(SolutionProperties) = preSolution
		HideSolutionNode = FALSE
	EndGlobalSection
	GlobalSection(ExtensibilityGlobals) = postSolution
		SolutionGuid = {74FA768E-A9F5-430F-A25F-929F918811B8}
	EndGlobalSection
EndGlobal
